
Microsoft Visual Studio Solution File, Format Version 9.00
# Visual Studio 2005
# SharpDevelop 2.2.1.2648
Project("{FAE04EC0-301F-11D3-BF4B-00C04F79EFBC}") = "BULocalization", "BULocalization.csproj", "{B1915FF1-9718-4168-993C-5CE235A27935}"
EndProject
Global
	GlobalSection(SolutionConfigurationPlatforms) = preSolution
		Debug|Any CPU = Debug|Any CPU
		Release|Any CPU = Release|Any CPU
	EndGlobalSection
	GlobalSection(ProjectConfigurationPlatforms) = postSolution
		{B1915FF1-9718-4168-993C-5CE235A27935}.Debug|Any CPU.Build.0 = Debug|Any CPU
		{B1915FF1-9718-4168-993C-5CE235A27935}.Debug|Any CPU.ActiveCfg = Debug|Any CPU
		{B1915FF1-9718-4168-993C-5CE235A27935}.Release|Any CPU.Build.0 = Release|Any CPU
		{B1915FF1-9718-4168-993C-5CE235A27935}.Release|Any CPU.ActiveCfg = Release|Any CPU
	EndGlobalSection
EndGlobal
