
Microsoft Visual Studio Solution File, Format Version 10.00
# Visual Studio 2008
Project("{FAE04EC0-301F-11D3-BF4B-00C04F79EFBC}") = "LocalizationOfConsoleApplicationSample", ".\LocalizationOfConsoleApplicationSample\LocalizationOfConsoleApplicationSample.csproj", "{34ADBA7C-D83C-4DC8-A933-BC65D9A43E67}"
EndProject
Project("{FAE04EC0-301F-11D3-BF4B-00C04F79EFBC}") = "BULocalization", ".\BULocalization\BULocalization.csproj", "{B1915FF1-9718-4168-993C-5CE235A27935}"
EndProject
Project("{FAE04EC0-301F-11D3-BF4B-00C04F79EFBC}") = "LocalizationOfUiSample", ".\LocalizationOfUiSample\LocalizationOfUiSample.csproj", "{20804469-D2BB-40E5-872F-8DCB1C8DF9BF}"
EndProject
Global
	GlobalSection(SolutionConfigurationPlatforms) = preSolution
		Debug|Any CPU = Debug|Any CPU
		Release|Any CPU = Release|Any CPU
	EndGlobalSection
	GlobalSection(ProjectConfigurationPlatforms) = postSolution
		{34ADBA7C-D83C-4DC8-A933-BC65D9A43E67}.Debug|Any CPU.ActiveCfg = Debug|Any CPU
		{34ADBA7C-D83C-4DC8-A933-BC65D9A43E67}.Debug|Any CPU.Build.0 = Debug|Any CPU
		{34ADBA7C-D83C-4DC8-A933-BC65D9A43E67}.Release|Any CPU.ActiveCfg = Release|Any CPU
		{34ADBA7C-D83C-4DC8-A933-BC65D9A43E67}.Release|Any CPU.Build.0 = Release|Any CPU
		{B1915FF1-9718-4168-993C-5CE235A27935}.Debug|Any CPU.ActiveCfg = Debug|Any CPU
		{B1915FF1-9718-4168-993C-5CE235A27935}.Debug|Any CPU.Build.0 = Debug|Any CPU
		{B1915FF1-9718-4168-993C-5CE235A27935}.Release|Any CPU.ActiveCfg = Release|Any CPU
		{B1915FF1-9718-4168-993C-5CE235A27935}.Release|Any CPU.Build.0 = Release|Any CPU
		{20804469-D2BB-40E5-872F-8DCB1C8DF9BF}.Debug|Any CPU.ActiveCfg = Debug|Any CPU
		{20804469-D2BB-40E5-872F-8DCB1C8DF9BF}.Debug|Any CPU.Build.0 = Debug|Any CPU
		{20804469-D2BB-40E5-872F-8DCB1C8DF9BF}.Release|Any CPU.ActiveCfg = Release|Any CPU
		{20804469-D2BB-40E5-872F-8DCB1C8DF9BF}.Release|Any CPU.Build.0 = Release|Any CPU
	EndGlobalSection
	GlobalSection(SolutionProperties) = preSolution
		HideSolutionNode = FALSE
	EndGlobalSection
EndGlobal
